PODS:
  - AFNetworking (1.3.3)
  - Base64 (1.0.1)
  - CocoaAsyncSocket (7.3.4)
  - CocoaLumberjack (1.6.5.1):
    - CocoaLumberjack/Core
    - CocoaLumberjack/Extensions
  - CocoaLumberjack/Core (1.6.5.1)
  - CocoaLumberjack/Extensions (1.6.5.1):
    - CocoaLumberjack/Core
  - CocoaSecurity (1.2.3)
  - CXPhotoBrowser (1.1.1)
  - DACircularProgress (2.1.0)
  - DTAlertView (1.2.1)
  - Emoticonizer (1.0.0)
  - FlatUIKit (1.3)
  - ISO8601DateFormatterValueTransformer (0.5.0):
    - RKValueTransformers (~> 1.0.0)
  - MagicalRecord (2.2):
    - MagicalRecord/Core
  - MagicalRecord/Core (2.2)
  - MBProgressHUD (0.8)
  - MWPhotoBrowser (1.2.1):
    - DACircularProgress
    - MBProgressHUD
    - PSTCollectionView (~> 1.2)
    - SDWebImage (~> 3.5)
  - NSUserDefaults-AESEncryptor (0.0.3):
    - CocoaSecurity (~> 1.2.2)
  - NZAlertView (0.0.9):
    - UIImage-Helpers
  - PSTCollectionView (1.2.0)
  - RBBAnimation (0.3.0)
  - RestKit (0.22.0):
    - RestKit/Core
  - RestKit/Core (0.22.0):
    - RestKit/CoreData
    - RestKit/Network
    - RestKit/ObjectMapping
  - RestKit/CoreData (0.22.0)
  - RestKit/Network (0.22.0):
    - AFNetworking (~> 1.3.0)
    - RestKit/ObjectMapping
    - RestKit/Support
    - SOCKit
  - RestKit/ObjectMapping (0.22.0):
    - ISO8601DateFormatterValueTransformer (~> 0.5.0)
    - RestKit/Support
    - RKValueTransformers (~> 1.0.1)
  - RestKit/Support (0.22.0):
    - TransitionKit (= 2.0.0)
  - RKValueTransformers (1.0.1)
  - RTAlertView (0.0.5):
    - RBBAnimation (= 0.3.0)
  - SDWebImage (3.5.2):
    - SDWebImage/Core
  - SDWebImage/Core (3.5.2)
  - SOCKit (1.1)
  - TouchJSON (1.1)
  - TransitionKit (2.0.0)
  - UIBubbleTableView (0.2)
  - UIImage-Helpers (0.0.2)
  - XMPPFramework (3.6.4):
    - XMPPFramework/Authentication
    - XMPPFramework/BandwidthMonitor
    - XMPPFramework/Categories
    - XMPPFramework/Core
    - XMPPFramework/CoreDataStorage
    - XMPPFramework/GoogleSharedStatus
    - XMPPFramework/KissXML
    - XMPPFramework/ProcessOne
    - XMPPFramework/Reconnect
    - XMPPFramework/Roster
    - XMPPFramework/SystemInputActivityMonitor
    - XMPPFramework/Utilities
    - XMPPFramework/XEP-0009
    - XMPPFramework/XEP-0012
    - XMPPFramework/XEP-0016
    - XMPPFramework/XEP-0045
    - XMPPFramework/XEP-0054
    - XMPPFramework/XEP-0059
    - XMPPFramework/XEP-0060
    - XMPPFramework/XEP-0065
    - XMPPFramework/XEP-0066
    - XMPPFramework/XEP-0082
    - XMPPFramework/XEP-0085
    - XMPPFramework/XEP-0100
    - XMPPFramework/XEP-0106
    - XMPPFramework/XEP-0115
    - XMPPFramework/XEP-0136
    - XMPPFramework/XEP-0153
    - XMPPFramework/XEP-0172
    - XMPPFramework/XEP-0184
    - XMPPFramework/XEP-0199
    - XMPPFramework/XEP-0202
    - XMPPFramework/XEP-0203
    - XMPPFramework/XEP-0223
    - XMPPFramework/XEP-0224
    - XMPPFramework/XEP-0297
    - XMPPFramework/XEP-0308
  - XMPPFramework/Authentication (3.6.4):
    - XMPPFramework/Core
  - XMPPFramework/BandwidthMonitor (3.6.4):
    - XMPPFramework/Core
  - XMPPFramework/Categories (3.6.4):
    - XMPPFramework/Core
  - XMPPFramework/Core (3.6.4):
    - CocoaAsyncSocket (~> 7.3.1)
    - CocoaLumberjack (~> 1.6.2)
    - XMPPFramework/Authentication
    - XMPPFramework/Categories
    - XMPPFramework/KissXML
    - XMPPFramework/Utilities
  - XMPPFramework/CoreDataStorage (3.6.4):
    - XMPPFramework/Core
  - XMPPFramework/GoogleSharedStatus (3.6.4):
    - XMPPFramework/Core
  - XMPPFramework/KissXML (3.6.4):
    - XMPPFramework/Core
  - XMPPFramework/ProcessOne (3.6.4):
    - XMPPFramework/Core
  - XMPPFramework/Reconnect (3.6.4):
    - XMPPFramework/Core
  - XMPPFramework/Roster (3.6.4):
    - XMPPFramework/Core
    - XMPPFramework/CoreDataStorage
    - XMPPFramework/XEP-0203
  - XMPPFramework/SystemInputActivityMonitor (3.6.4):
    - XMPPFramework/Core
  - XMPPFramework/Utilities (3.6.4):
    - XMPPFramework/Core
  - XMPPFramework/XEP-0009 (3.6.4):
    - XMPPFramework/Core
  - XMPPFramework/XEP-0012 (3.6.4):
    - XMPPFramework/Core
  - XMPPFramework/XEP-0016 (3.6.4):
    - XMPPFramework/Core
  - XMPPFramework/XEP-0045 (3.6.4):
    - XMPPFramework/Core
    - XMPPFramework/CoreDataStorage
    - XMPPFramework/XEP-0203
  - XMPPFramework/XEP-0054 (3.6.4):
    - XMPPFramework/Core
    - XMPPFramework/Roster
    - XMPPFramework/XEP-0153
  - XMPPFramework/XEP-0059 (3.6.4):
    - XMPPFramework/Core
  - XMPPFramework/XEP-0060 (3.6.4):
    - XMPPFramework/Core
  - XMPPFramework/XEP-0065 (3.6.4):
    - XMPPFramework/Core
  - XMPPFramework/XEP-0066 (3.6.4):
    - XMPPFramework/Core
  - XMPPFramework/XEP-0082 (3.6.4):
    - XMPPFramework/Core
  - XMPPFramework/XEP-0085 (3.6.4):
    - XMPPFramework/Core
  - XMPPFramework/XEP-0100 (3.6.4):
    - XMPPFramework/Core
  - XMPPFramework/XEP-0106 (3.6.4):
    - XMPPFramework/Core
  - XMPPFramework/XEP-0115 (3.6.4):
    - XMPPFramework/Core
    - XMPPFramework/CoreDataStorage
  - XMPPFramework/XEP-0136 (3.6.4):
    - XMPPFramework/Core
    - XMPPFramework/CoreDataStorage
    - XMPPFramework/XEP-0085
    - XMPPFramework/XEP-0203
  - XMPPFramework/XEP-0153 (3.6.4):
    - XMPPFramework/Core
    - XMPPFramework/XEP-0054
  - XMPPFramework/XEP-0172 (3.6.4):
    - XMPPFramework/Core
  - XMPPFramework/XEP-0184 (3.6.4):
    - XMPPFramework/Core
  - XMPPFramework/XEP-0199 (3.6.4):
    - XMPPFramework/Core
  - XMPPFramework/XEP-0202 (3.6.4):
    - XMPPFramework/Core
    - XMPPFramework/XEP-0082
  - XMPPFramework/XEP-0203 (3.6.4):
    - XMPPFramework/Core
    - XMPPFramework/XEP-0082
  - XMPPFramework/XEP-0223 (3.6.4):
    - XMPPFramework/Core
  - XMPPFramework/XEP-0224 (3.6.4):
    - XMPPFramework/Core
  - XMPPFramework/XEP-0297 (3.6.4):
    - XMPPFramework/Core
  - XMPPFramework/XEP-0308 (3.6.4):
    - XMPPFramework/Core

DEPENDENCIES:
  - Base64 (~> 1.0.1)
  - CXPhotoBrowser (~> 1.1.1)
  - DTAlertView (~> 1.2.1)
  - Emoticonizer (~> 1.0)
  - FlatUIKit (~> 1.2)
  - MagicalRecord (~> 2.1)
  - MWPhotoBrowser (~> 1.2.1)
  - NSUserDefaults-AESEncryptor (~> 0.0.3)
  - NZAlertView (~> 0.0.8)
  - RestKit (~> 0.22.0)
  - RTAlertView (~> 0.0.5)
  - TouchJSON (~> 1.1)
  - UIBubbleTableView (~> 0.2)
  - XMPPFramework (~> 3.6.4)

SPEC CHECKSUMS:
  AFNetworking: 61fdd49e2ffe6380378df37b3b6e70630bb9dd66
  Base64: eaac9f2088ba659c5db1db960576eb0f2969ebaf
  CocoaAsyncSocket: 534d09416f992fd51efb23f534742ce70b3a7999
  CocoaLumberjack: 17803afbade3126a377d32b8d23367264b44ced6
  CocoaSecurity: 9c82f530dc5b0516b04cc2ed4c2f5cd90f25352d
  CXPhotoBrowser: a0644b58f96af876b4275bad62786183d3e7e11e
  DACircularProgress: 8c8f20c8dffdd647fbf570ddecbc2b1b59da5888
  DTAlertView: 366f517b23483842dca5ef4e56c2fc9abf70b826
  Emoticonizer: 0c6c64774625826ec02dc2c33daae781b35cefa9
  FlatUIKit: 3b32b52bb3c266477709cfe4812ab2c877ae942b
  ISO8601DateFormatterValueTransformer: d0af1f50a9df42db72d7418db31938b8473e0af8
  MagicalRecord: 95d49d74ef752cd52f6ad87bcb474817fc3978cf
  MBProgressHUD: 2bbc6f470111daf7f3eaa4eb12b8cbf01c4c0622
  MWPhotoBrowser: cd204e6b02686f6fae5034932ad8382f9963f2fc
  NSUserDefaults-AESEncryptor: fae6c27f0e9921ad51d4d0b2bc1d99f600e11eb2
  NZAlertView: 4d827efa540d352cd2370997b41d59332e77e20c
  PSTCollectionView: fb2ad2790c6efa306b2caf10315b2c1464d1f5c6
  RBBAnimation: e7f31ed62f760f3caf120b5d943267bd9a8e1f64
  RestKit: dc107a0aa4f962575ad0385bac5b3c5e4f591f4e
  RKValueTransformers: 1562d458b9c9d59ce777bfc5982f2e1aef2e9182
  RTAlertView: 51dd55e85d55e07e0d9680c469bd98e224fa8108
  SDWebImage: fe7ce01ae4e0a884d168f59c9dd82d35baf8429e
  SOCKit: 2f3bc4d07910de12dcc202815e07db68a3802581
  TouchJSON: 9e53f4df141b7f972766292b00b46bccf29f179a
  TransitionKit: 433284465abacdc07852d7db6dd0cc075010059a
  UIBubbleTableView: 08dcbbb351538139d7a2a01216bb427ad4253bb1
  UIImage-Helpers: 085a931740604e2e3256a70217bef6436d1a2ca8
  XMPPFramework: eee9ed80df314067fac613c24223ad73834306b0

COCOAPODS: 0.29.0
